
Microsoft Visual Studio Solution File, Format Version 12.00
# Visual Studio Version 17
VisualStudioVersion = 17.4.33403.182
MinimumVisualStudioVersion = 10.0.40219.1
Project("{FAE04EC0-301F-11D3-BF4B-00C04F79EFBC}") = "TheEighthProgram", "TheEighthProgram.csproj", "{6E515D4B-AD56-4587-BAE4-41DD360448C8}"
EndProject
Global
	GlobalSection(SolutionConfigurationPlatforms) = preSolution
		Debug|Any CPU = Debug|Any CPU
		Release|Any CPU = Release|Any CPU
	EndGlobalSection
	GlobalSection(ProjectConfigurationPlatforms) = postSolution
		{6E515D4B-AD56-4587-BAE4-41DD360448C8}.Debug|Any CPU.ActiveCfg = Debug|Any CPU
		{6E515D4B-AD56-4587-BAE4-41DD360448C8}.Debug|Any CPU.Build.0 = Debug|Any CPU
		{6E515D4B-AD56-4587-BAE4-41DD360448C8}.Release|Any CPU.ActiveCfg = Release|Any CPU
		{6E515D4B-AD56-4587-BAE4-41DD360448C8}.Release|Any CPU.Build.0 = Release|Any CPU
	EndGlobalSection
	GlobalSection(SolutionProperties) = preSolution
		HideSolutionNode = FALSE
	EndGlobalSection
	GlobalSection(ExtensibilityGlobals) = postSolution
		SolutionGuid = {1805B653-2EAC-48DC-BAC6-651DF171697A}
	EndGlobalSection
EndGlobal
